// !$*UTF8*$!
{
	archiveVersion = 1;
	classes = {
	};
	objectVersion = 46;
	objects = {

/* Begin PBXBuildFile section */
		8A136805212C0F9C00A8FAFA /* tool02.png in Resources */ = {isa = PBXBuildFile; fileRef = 8A1367FB212C0F9800A8FAFA /* tool02.png */; };
		8A136806212C0F9C00A8FAFA /* tool01.png in Resources */ = {isa = PBXBuildFile; fileRef = 8A1367FC212C0F9800A8FAFA /* tool01.png */; };
		8A136807212C0F9C00A8FAFA /* tool04.png in Resources */ = {isa = PBXBuildFile; fileRef = 8A1367FD212C0F9900A8FAFA /* tool04.png */; };
		8A136808212C0F9C00A8FAFA /* tool07.png in Resources */ = {isa = PBXBuildFile; fileRef = 8A1367FE212C0F9900A8FAFA /* tool07.png */; };
		8A136809212C0F9C00A8FAFA /* tool09.png in Resources */ = {isa = PBXBuildFile; fileRef = 8A1367FF212C0F9A00A8FAFA /* tool09.png */; };
		8A13680A212C0F9C00A8FAFA /* tool08.png in Resources */ = {isa = PBXBuildFile; fileRef = 8A136800212C0F9B00A8FAFA /* tool08.png */; };
		8A13680B212C0F9C00A8FAFA /* tool06.png in Resources */ = {isa = PBXBuildFile; fileRef = 8A136801212C0F9B00A8FAFA /* tool06.png */; };
		8A13680C212C0F9C00A8FAFA /* tool03.png in Resources */ = {isa = PBXBuildFile; fileRef = 8A136802212C0F9B00A8FAFA /* tool03.png */; };
		8A13680D212C0F9C00A8FAFA /* tool10.png in Resources */ = {isa = PBXBuildFile; fileRef = 8A136803212C0F9C00A8FAFA /* tool10.png */; };
		8A13680E212C0F9C00A8FAFA /* tool05.png in Resources */ = {isa = PBXBuildFile; fileRef = 8A136804212C0F9C00A8FAFA /* tool05.png */; };
		8A560F6C212AC82A00227E53 /* SoundManager.m in Sources */ = {isa = PBXBuildFile; fileRef = 8A560F6B212AC82A00227E53 /* SoundManager.m */; };
		8A560F7B212BA97900227E53 /* dot.png in Resources */ = {isa = PBXBuildFile; fileRef = B5A1A5341BE2EB4200F1C9AC /* dot.png */; };
		8A560F7C212BA97900227E53 /* s0.png in Resources */ = {isa = PBXBuildFile; fileRef = B5A1A5351BE2EB4200F1C9AC /* s0.png */; };
		8A560F7D212BA97900227E53 /* s1.png in Resources */ = {isa = PBXBuildFile; fileRef = B5A1A5361BE2EB4200F1C9AC /* s1.png */; };
		8A560F7E212BA97900227E53 /* s2.png in Resources */ = {isa = PBXBuildFile; fileRef = B5A1A5371BE2EB4200F1C9AC /* s2.png */; };
		8A560F7F212BA97900227E53 /* s3.png in Resources */ = {isa = PBXBuildFile; fileRef = B5A1A5381BE2EB4200F1C9AC /* s3.png */; };
		8A560F80212BA97900227E53 /* s4.png in Resources */ = {isa = PBXBuildFile; fileRef = B5A1A5391BE2EB4200F1C9AC /* s4.png */; };
		8A560F81212BA97900227E53 /* s5.png in Resources */ = {isa = PBXBuildFile; fileRef = B5A1A53A1BE2EB4200F1C9AC /* s5.png */; };
		8A560F82212BA97900227E53 /* s6.png in Resources */ = {isa = PBXBuildFile; fileRef = B5A1A53B1BE2EB4200F1C9AC /* s6.png */; };
		8A560F83212BA97900227E53 /* s7.png in Resources */ = {isa = PBXBuildFile; fileRef = B5A1A53C1BE2EB4200F1C9AC /* s7.png */; };
		8A560F84212BA97900227E53 /* s8.png in Resources */ = {isa = PBXBuildFile; fileRef = B5A1A53D1BE2EB4200F1C9AC /* s8.png */; };
		8A560F85212BA97900227E53 /* s9.png in Resources */ = {isa = PBXBuildFile; fileRef = B5A1A53E1BE2EB4200F1C9AC /* s9.png */; };
		8A560F86212BA97900227E53 /* second_s.png in Resources */ = {isa = PBXBuildFile; fileRef = B515B1511BF1BC61000D1BED /* second_s.png */; };
		8A560F87212BA97900227E53 /* brick01.png in Resources */ = {isa = PBXBuildFile; fileRef = B50AD1021B9AE914003D6BF1 /* brick01.png */; };
		8A560F88212BA97900227E53 /* brick02.png in Resources */ = {isa = PBXBuildFile; fileRef = B50AD1031B9AE914003D6BF1 /* brick02.png */; };
		8A560F89212BA97900227E53 /* brick03.png in Resources */ = {isa = PBXBuildFile; fileRef = B50AD1041B9AE914003D6BF1 /* brick03.png */; };
		8A560F8A212BA97900227E53 /* brick04_1.png in Resources */ = {isa = PBXBuildFile; fileRef = B50AD1051B9AE914003D6BF1 /* brick04_1.png */; };
		8A560F8B212BA97900227E53 /* brick04.png in Resources */ = {isa = PBXBuildFile; fileRef = B50AD1061B9AE914003D6BF1 /* brick04.png */; };
		8A560F8C212BA97900227E53 /* brick05.png in Resources */ = {isa = PBXBuildFile; fileRef = B50AD1071B9AE914003D6BF1 /* brick05.png */; };
		8A560F8D212BA97900227E53 /* brick06.png in Resources */ = {isa = PBXBuildFile; fileRef = B50AD1081B9AE914003D6BF1 /* brick06.png */; };
		8A560F8E212BA97900227E53 /* brick07.png in Resources */ = {isa = PBXBuildFile; fileRef = B50AD1091B9AE914003D6BF1 /* brick07.png */; };
		8A560F99212BA97900227E53 /* tool11.png in Resources */ = {isa = PBXBuildFile; fileRef = B57313061B6B5F8800307D50 /* tool11.png */; };
		8A560F9A212BA97900227E53 /* tool12.png in Resources */ = {isa = PBXBuildFile; fileRef = B57313071B6B5F8800307D50 /* tool12.png */; };
		8A560F9B212BA97900227E53 /* tool13.png in Resources */ = {isa = PBXBuildFile; fileRef = B57313081B6B5F8800307D50 /* tool13.png */; };
		8A560F9C212BA97900227E53 /* tool14.png in Resources */ = {isa = PBXBuildFile; fileRef = B57313091B6B5F8800307D50 /* tool14.png */; };
		8A560F9D212BA97900227E53 /* ball.png in Resources */ = {isa = PBXBuildFile; fileRef = B57721861B4B8F1900ADC9BB /* ball.png */; };
		8A560F9E212BA97900227E53 /* ball@2x~ipad.png in Resources */ = {isa = PBXBuildFile; fileRef = B57721871B4B8F1900ADC9BB /* ball@2x~ipad.png */; };
		8A560F9F212BA97900227E53 /* ball~ipad.png in Resources */ = {isa = PBXBuildFile; fileRef = B57721881B4B8F1900ADC9BB /* ball~ipad.png */; };
		8A560FA0212BA97900227E53 /* ball1.png in Resources */ = {isa = PBXBuildFile; fileRef = B515B1531BF1C690000D1BED /* ball1.png */; };
		8A560FA1212BA97900227E53 /* ball1@2x~ipad.png in Resources */ = {isa = PBXBuildFile; fileRef = B515B1541BF1C690000D1BED /* ball1@2x~ipad.png */; };
		8A560FA2212BA97900227E53 /* ball1~ipad.png in Resources */ = {isa = PBXBuildFile; fileRef = B515B1551BF1C690000D1BED /* ball1~ipad.png */; };
		8A560FA3212BA97900227E53 /* ball2.png in Resources */ = {isa = PBXBuildFile; fileRef = B515B1561BF1C690000D1BED /* ball2.png */; };
		8A560FA4212BA97900227E53 /* ball2@2x~ipad.png in Resources */ = {isa = PBXBuildFile; fileRef = B515B1571BF1C690000D1BED /* ball2@2x~ipad.png */; };
		8A560FA5212BA97900227E53 /* ball2~ipad.png in Resources */ = {isa = PBXBuildFile; fileRef = B515B1581BF1C690000D1BED /* ball2~ipad.png */; };
		8A560FA6212BA97900227E53 /* block.png in Resources */ = {isa = PBXBuildFile; fileRef = B57721891B4B8F1900ADC9BB /* block.png */; };
		8A560FA7212BA97900227E53 /* block@2x~ipad.png in Resources */ = {isa = PBXBuildFile; fileRef = B577218A1B4B8F1900ADC9BB /* block@2x~ipad.png */; };
		8A560FA8212BA97900227E53 /* block~ipad.png in Resources */ = {isa = PBXBuildFile; fileRef = B577218B1B4B8F1900ADC9BB /* block~ipad.png */; };
		8A560FA9212BA97900227E53 /* paddle.png in Resources */ = {isa = PBXBuildFile; fileRef = B577218C1B4B8F1900ADC9BB /* paddle.png */; };
		8A560FAA212BA97900227E53 /* paddle@2x~ipad.png in Resources */ = {isa = PBXBuildFile; fileRef = B577218D1B4B8F1900ADC9BB /* paddle@2x~ipad.png */; };
		8A560FAB212BA97900227E53 /* paddle~ipad.png in Resources */ = {isa = PBXBuildFile; fileRef = B577218E1B4B8F1900ADC9BB /* paddle~ipad.png */; };
		8A560FAC212BA97900227E53 /* bg@2x~ipad.png in Resources */ = {isa = PBXBuildFile; fileRef = B57721981B4B8F2B00ADC9BB /* bg@2x~ipad.png */; };
		8A560FAD212BA97900227E53 /* bg@2x~iphone.png in Resources */ = {isa = PBXBuildFile; fileRef = B57721991B4B8F2B00ADC9BB /* bg@2x~iphone.png */; };
		8A560FAE212BA97900227E53 /* bg~ipad.png in Resources */ = {isa = PBXBuildFile; fileRef = B577219A1B4B8F2B00ADC9BB /* bg~ipad.png */; };
		8A560FAF212BA97900227E53 /* bg~iphone.png in Resources */ = {isa = PBXBuildFile; fileRef = B577219B1B4B8F2B00ADC9BB /* bg~iphone.png */; };
		8A560FB0212BA97900227E53 /* logo.jpg in Resources */ = {isa = PBXBuildFile; fileRef = B515B15F1BF1DDE1000D1BED /* logo.jpg */; };
		8A560FB1212BA97900227E53 /* menu_map.jpg in Resources */ = {isa = PBXBuildFile; fileRef = B515B1601BF1DDE1000D1BED /* menu_map.jpg */; };
		8A560FB2212BA97900227E53 /* menu.jpg in Resources */ = {isa = PBXBuildFile; fileRef = B515B1611BF1DDE1000D1BED /* menu.jpg */; };
		8A560FB3212BA97900227E53 /* o.png in Resources */ = {isa = PBXBuildFile; fileRef = B515B1621BF1DDE1000D1BED /* o.png */; };
		8A560FB4212BA97900227E53 /* x.png in Resources */ = {isa = PBXBuildFile; fileRef = B515B1631BF1DDE1000D1BED /* x.png */; };
		8A560FB5212BA97900227E53 /* game_restart_btn01.png in Resources */ = {isa = PBXBuildFile; fileRef = B515B16F1BFED1BF000D1BED /* game_restart_btn01.png */; };
		8A560FB6212BA97900227E53 /* game_restart_btn02.png in Resources */ = {isa = PBXBuildFile; fileRef = B515B1701BFED1BF000D1BED /* game_restart_btn02.png */; };
		8A560FB7212BA97900227E53 /* back.png in Resources */ = {isa = PBXBuildFile; fileRef = B515B1731BFED27D000D1BED /* back.png */; };
		8A560FB8212BA97900227E53 /* submit_score_btn.png in Resources */ = {isa = PBXBuildFile; fileRef = B515B1741BFED27D000D1BED /* submit_score_btn.png */; };
		8A560FB9212BA97900227E53 /* game_over.png in Resources */ = {isa = PBXBuildFile; fileRef = B515B1771BFEEBF6000D1BED /* game_over.png */; };
		8A560FBA212BA97900227E53 /* next.png in Resources */ = {isa = PBXBuildFile; fileRef = B515B1791C02F35B000D1BED /* next.png */; };
		8A560FBB212BA97900227E53 /* win.png in Resources */ = {isa = PBXBuildFile; fileRef = B515B17A1C02F35B000D1BED /* win.png */; };
		8A560FBC212BA97900227E53 /* cn_TapToStart.png in Resources */ = {isa = PBXBuildFile; fileRef = B515B17D1C04523A000D1BED /* cn_TapToStart.png */; };
		8A560FBD212BA97900227E53 /* TapToStart.png in Resources */ = {isa = PBXBuildFile; fileRef = B515B17E1C04523A000D1BED /* TapToStart.png */; };
		8A560FBE212BA97900227E53 /* rank_bot.png in Resources */ = {isa = PBXBuildFile; fileRef = B515B1811C085CA8000D1BED /* rank_bot.png */; };
		8A560FBF212BA97900227E53 /* rank_top.png in Resources */ = {isa = PBXBuildFile; fileRef = B515B1821C085CA8000D1BED /* rank_top.png */; };
		8A560FC0212BA97900227E53 /* play_board_bg.png in Resources */ = {isa = PBXBuildFile; fileRef = B515B1831C085CA8000D1BED /* play_board_bg.png */; };
		8A560FC1212BA97900227E53 /* leader_board_btn.png in Resources */ = {isa = PBXBuildFile; fileRef = B515B1841C085CA8000D1BED /* leader_board_btn.png */; };
		B515B16B1BF1EA3D000D1BED /* WinDialogViewController.m in Sources */ = {isa = PBXBuildFile; fileRef = B515B16A1BF1EA3D000D1BED /* WinDialogViewController.m */; };
		B515B16E1BFC5954000D1BED /* GameOverViewController.m in Sources */ = {isa = PBXBuildFile; fileRef = B515B16D1BFC5954000D1BED /* GameOverViewController.m */; };
		B515B18B1C085DA3000D1BED /* DatabaseManager.m in Sources */ = {isa = PBXBuildFile; fileRef = B515B18A1C085DA3000D1BED /* DatabaseManager.m */; };
		B515B1921C085DBE000D1BED /* RankViewController.m in Sources */ = {isa = PBXBuildFile; fileRef = B515B18D1C085DBD000D1BED /* RankViewController.m */; };
		B515B1931C085DBE000D1BED /* RankTableViewCell.m in Sources */ = {isa = PBXBuildFile; fileRef = B515B18F1C085DBD000D1BED /* RankTableViewCell.m */; };
		B515B1941C085DBE000D1BED /* MyADView.m in Sources */ = {isa = PBXBuildFile; fileRef = B515B1911C085DBD000D1BED /* MyADView.m */; };
		B515B1971C085F24000D1BED /* GameCenterUtil.m in Sources */ = {isa = PBXBuildFile; fileRef = B515B1961C085F24000D1BED /* GameCenterUtil.m */; };
		B515B19A1C0ACB4C000D1BED /* Rank.xcdatamodeld in Sources */ = {isa = PBXBuildFile; fileRef = B515B1981C0ACB4C000D1BED /* Rank.xcdatamodeld */; };
		B515B1A01C0ACC39000D1BED /* Entity.m in Sources */ = {isa = PBXBuildFile; fileRef = B515B19F1C0ACC39000D1BED /* Entity.m */; };
		B515B1A31C0ACCBD000D1BED /* MainViewController.m in Sources */ = {isa = PBXBuildFile; fileRef = B515B1A21C0ACCBD000D1BED /* MainViewController.m */; };
		B53E30311B13247D00B7457E /* TimerThread.m in Sources */ = {isa = PBXBuildFile; fileRef = B53E30301B13247D00B7457E /* TimerThread.m */; };
		B57721811B4B63BD00ADC9BB /* GameOverScene.m in Sources */ = {isa = PBXBuildFile; fileRef = B57721801B4B63BD00ADC9BB /* GameOverScene.m */; };
		B57721841B4B63D200ADC9BB /* BreakoutGameScene.m in Sources */ = {isa = PBXBuildFile; fileRef = B57721831B4B63D200ADC9BB /* BreakoutGameScene.m */; };
		B57795FC1B0ED6AC00ABE278 /* BrickUtil.m in Sources */ = {isa = PBXBuildFile; fileRef = B57795FB1B0ED6AC00ABE278 /* BrickUtil.m */; };
		B57795FF1B0ED88300ABE278 /* EffectUtil.m in Sources */ = {isa = PBXBuildFile; fileRef = B57795FE1B0ED88300ABE278 /* EffectUtil.m */; };
		B57796021B0EE15600ABE278 /* BrickMaxConfig.m in Sources */ = {isa = PBXBuildFile; fileRef = B57796011B0EE15600ABE278 /* BrickMaxConfig.m */; };
		B57796051B0F029400ABE278 /* BitmapUtil.m in Sources */ = {isa = PBXBuildFile; fileRef = B57796041B0F029400ABE278 /* BitmapUtil.m */; };
		B577960B1B0F0B7800ABE278 /* ToolUtil.m in Sources */ = {isa = PBXBuildFile; fileRef = B577960A1B0F0B7800ABE278 /* ToolUtil.m */; };
		B577960E1B0F0C2900ABE278 /* BallUtil.m in Sources */ = {isa = PBXBuildFile; fileRef = B577960D1B0F0C2900ABE278 /* BallUtil.m */; };
		B57AF99A1B1EAE5E00979D53 /* BallViewConfig.m in Sources */ = {isa = PBXBuildFile; fileRef = B57AF9991B1EAE5E00979D53 /* BallViewConfig.m */; };
		B592A8CF1AFA1C290014FC4C /* Foundation.framework in Frameworks */ = {isa = PBXBuildFile; fileRef = B592A8CE1AFA1C290014FC4C /* Foundation.framework */; };
		B592A8D11AFA1C290014FC4C /* CoreGraphics.framework in Frameworks */ = {isa = PBXBuildFile; fileRef = B592A8D01AFA1C290014FC4C /* CoreGraphics.framework */; };
		B592A8D31AFA1C290014FC4C /* UIKit.framework in Frameworks */ = {isa = PBXBuildFile; fileRef = B592A8D21AFA1C290014FC4C /* UIKit.framework */; };
		B592A8D51AFA1C290014FC4C /* SpriteKit.framework in Frameworks */ = {isa = PBXBuildFile; fileRef = B592A8D41AFA1C290014FC4C /* SpriteKit.framework */; };
		B592A8DB1AFA1C290014FC4C /* InfoPlist.strings in Resources */ = {isa = PBXBuildFile; fileRef = B592A8D91AFA1C290014FC4C /* InfoPlist.strings */; };
		B592A8DD1AFA1C290014FC4C /* main.m in Sources */ = {isa = PBXBuildFile; fileRef = B592A8DC1AFA1C290014FC4C /* main.m */; };
		B592A8E11AFA1C290014FC4C /* AppDelegate.m in Sources */ = {isa = PBXBuildFile; fileRef = B592A8E01AFA1C290014FC4C /* AppDelegate.m */; };
		B592A8E41AFA1C290014FC4C /* Main.storyboard in Resources */ = {isa = PBXBuildFile; fileRef = B592A8E21AFA1C290014FC4C /* Main.storyboard */; };
		B592A8E71AFA1C290014FC4C /* ViewController.m in Sources */ = {isa = PBXBuildFile; fileRef = B592A8E61AFA1C290014FC4C /* ViewController.m */; };
		B592A8EA1AFA1C290014FC4C /* MyScene.m in Sources */ = {isa = PBXBuildFile; fileRef = B592A8E91AFA1C290014FC4C /* MyScene.m */; };
		B592A8EC1AFA1C290014FC4C /* Spaceship.png in Resources */ = {isa = PBXBuildFile; fileRef = B592A8EB1AFA1C290014FC4C /* Spaceship.png */; };
		B592A8EE1AFA1C290014FC4C /* Images.xcassets in Resources */ = {isa = PBXBuildFile; fileRef = B592A8ED1AFA1C290014FC4C /* Images.xcassets */; };
		B592A8F51AFA1C290014FC4C /* XCTest.framework in Frameworks */ = {isa = PBXBuildFile; fileRef = B592A8F41AFA1C290014FC4C /* XCTest.framework */; };
		B592A8F61AFA1C290014FC4C /* Foundation.framework in Frameworks */ = {isa = PBXBuildFile; fileRef = B592A8CE1AFA1C290014FC4C /* Foundation.framework */; };
		B592A8F71AFA1C290014FC4C /* UIKit.framework in Frameworks */ = {isa = PBXBuildFile; fileRef = B592A8D21AFA1C290014FC4C /* UIKit.framework */; };
		B592A8FF1AFA1C290014FC4C /* InfoPlist.strings in Resources */ = {isa = PBXBuildFile; fileRef = B592A8FD1AFA1C290014FC4C /* InfoPlist.strings */; };
		B592A9011AFA1C290014FC4C /* Try_HitBrickTests.m in Sources */ = {isa = PBXBuildFile; fileRef = B592A9001AFA1C290014FC4C /* Try_HitBrickTests.m */; };
/* End PBXBuildFile section */

/* Begin PBXContainerItemProxy section */
		B592A8F81AFA1C290014FC4C /* PBXContainerItemProxy */ = {
			isa = PBXContainerItemProxy;
			containerPortal = B592A8C31AFA1C290014FC4C /* Project object */;
			proxyType = 1;
			remoteGlobalIDString = B592A8CA1AFA1C290014FC4C;
			remoteInfo = Try_HitBrick;
		};
/* End PBXContainerItemProxy section */

/* Begin PBXFileReference section */
		8A1367FB212C0F9800A8FAFA /* tool02.png */ = {isa = PBXFileReference; lastKnownFileType = image.png; path = tool02.png; sourceTree = "<group>"; };
		8A1367FC212C0F9800A8FAFA /* tool01.png */ = {isa = PBXFileReference; lastKnownFileType = image.png; path = tool01.png; sourceTree = "<group>"; };
		8A1367FD212C0F9900A8FAFA /* tool04.png */ = {isa = PBXFileReference; lastKnownFileType = image.png; path = tool04.png; sourceTree = "<group>"; };
		8A1367FE212C0F9900A8FAFA /* tool07.png */ = {isa = PBXFileReference; lastKnownFileType = image.png; path = tool07.png; sourceTree = "<group>"; };
		8A1367FF212C0F9A00A8FAFA /* tool09.png */ = {isa = PBXFileReference; lastKnownFileType = image.png; path = tool09.png; sourceTree = "<group>"; };
		8A136800212C0F9B00A8FAFA /* tool08.png */ = {isa = PBXFileReference; lastKnownFileType = image.png; path = tool08.png; sourceTree = "<group>"; };
		8A136801212C0F9B00A8FAFA /* tool06.png */ = {isa = PBXFileReference; lastKnownFileType = image.png; path = tool06.png; sourceTree = "<group>"; };
		8A136802212C0F9B00A8FAFA /* tool03.png */ = {isa = PBXFileReference; lastKnownFileType = image.png; path = tool03.png; sourceTree = "<group>"; };
		8A136803212C0F9C00A8FAFA /* tool10.png */ = {isa = PBXFileReference; lastKnownFileType = image.png; path = tool10.png; sourceTree = "<group>"; };
		8A136804212C0F9C00A8FAFA /* tool05.png */ = {isa = PBXFileReference; lastKnownFileType = image.png; path = tool05.png; sourceTree = "<group>"; };
		8A560F6A212AC82A00227E53 /* SoundManager.h */ = {isa = PBXFileReference; fileEncoding = 4; lastKnownFileType = sourcecode.c.h; path = SoundManager.h; sourceTree = "<group>"; };
		8A560F6B212AC82A00227E53 /* SoundManager.m */ = {isa = PBXFileReference; fileEncoding = 4; lastKnownFileType = sourcecode.c.objc; path = SoundManager.m; sourceTree = "<group>"; };
		B50AD1021B9AE914003D6BF1 /* brick01.png */ = {isa = PBXFileReference; lastKnownFileType = image.png; path = brick01.png; sourceTree = "<group>"; };
		B50AD1031B9AE914003D6BF1 /* brick02.png */ = {isa = PBXFileReference; lastKnownFileType = image.png; path = brick02.png; sourceTree = "<group>"; };
		B50AD1041B9AE914003D6BF1 /* brick03.png */ = {isa = PBXFileReference; lastKnownFileType = image.png; path = brick03.png; sourceTree = "<group>"; };
		B50AD1051B9AE914003D6BF1 /* brick04_1.png */ = {isa = PBXFileReference; lastKnownFileType = image.png; path = brick04_1.png; sourceTree = "<group>"; };
		B50AD1061B9AE914003D6BF1 /* brick04.png */ = {isa = PBXFileReference; lastKnownFileType = image.png; path = brick04.png; sourceTree = "<group>"; };
		B50AD1071B9AE914003D6BF1 /* brick05.png */ = {isa = PBXFileReference; lastKnownFileType = image.png; path = brick05.png; sourceTree = "<group>"; };
		B50AD1081B9AE914003D6BF1 /* brick06.png */ = {isa = PBXFileReference; lastKnownFileType = image.png; path = brick06.png; sourceTree = "<group>"; };
		B50AD1091B9AE914003D6BF1 /* brick07.png */ = {isa = PBXFileReference; lastKnownFileType = image.png; path = brick07.png; sourceTree = "<group>"; };
		B515B1511BF1BC61000D1BED /* second_s.png */ = {isa = PBXFileReference; lastKnownFileType = image.png; path = second_s.png; sourceTree = "<group>"; };
		B515B1531BF1C690000D1BED /* ball1.png */ = {isa = PBXFileReference; lastKnownFileType = image.png; path = ball1.png; sourceTree = "<group>"; };
		B515B1541BF1C690000D1BED /* ball1@2x~ipad.png */ = {isa = PBXFileReference; lastKnownFileType = image.png; path = "ball1@2x~ipad.png"; sourceTree = "<group>"; };
		B515B1551BF1C690000D1BED /* ball1~ipad.png */ = {isa = PBXFileReference; lastKnownFileType = image.png; path = "ball1~ipad.png"; sourceTree = "<group>"; };
		B515B1561BF1C690000D1BED /* ball2.png */ = {isa = PBXFileReference; lastKnownFileType = image.png; path = ball2.png; sourceTree = "<group>"; };
		B515B1571BF1C690000D1BED /* ball2@2x~ipad.png */ = {isa = PBXFileReference; lastKnownFileType = image.png; path = "ball2@2x~ipad.png"; sourceTree = "<group>"; };
		B515B1581BF1C690000D1BED /* ball2~ipad.png */ = {isa = PBXFileReference; lastKnownFileType = image.png; path = "ball2~ipad.png"; sourceTree = "<group>"; };
		B515B15F1BF1DDE1000D1BED /* logo.jpg */ = {isa = PBXFileReference; lastKnownFileType = image.jpeg; path = logo.jpg; sourceTree = "<group>"; };
		B515B1601BF1DDE1000D1BED /* menu_map.jpg */ = {isa = PBXFileReference; lastKnownFileType = image.jpeg; path = menu_map.jpg; sourceTree = "<group>"; };
		B515B1611BF1DDE1000D1BED /* menu.jpg */ = {isa = PBXFileReference; lastKnownFileType = image.jpeg; path = menu.jpg; sourceTree = "<group>"; };
		B515B1621BF1DDE1000D1BED /* o.png */ = {isa = PBXFileReference; lastKnownFileType = image.png; path = o.png; sourceTree = "<group>"; };
		B515B1631BF1DDE1000D1BED /* x.png */ = {isa = PBXFileReference; lastKnownFileType = image.png; path = x.png; sourceTree = "<group>"; };
		B515B1691BF1EA3D000D1BED /* WinDialogViewController.h */ = {isa = PBXFileReference; fileEncoding = 4; lastKnownFileType = sourcecode.c.h; path = WinDialogViewController.h; sourceTree = "<group>"; };
		B515B16A1BF1EA3D000D1BED /* WinDialogViewController.m */ = {isa = PBXFileReference; fileEncoding = 4; lastKnownFileType = sourcecode.c.objc; path = WinDialogViewController.m; sourceTree = "<group>"; };
		B515B16C1BFC5954000D1BED /* GameOverViewController.h */ = {isa = PBXFileReference; fileEncoding = 4; lastKnownFileType = sourcecode.c.h; path = GameOverViewController.h; sourceTree = "<group>"; };
		B515B16D1BFC5954000D1BED /* GameOverViewController.m */ = {isa = PBXFileReference; fileEncoding = 4; lastKnownFileType = sourcecode.c.objc; path = GameOverViewController.m; sourceTree = "<group>"; };
		B515B16F1BFED1BF000D1BED /* game_restart_btn01.png */ = {isa = PBXFileReference; lastKnownFileType = image.png; path = game_restart_btn01.png; sourceTree = "<group>"; };
		B515B1701BFED1BF000D1BED /* game_restart_btn02.png */ = {isa = PBXFileReference; lastKnownFileType = image.png; path = game_restart_btn02.png; sourceTree = "<group>"; };
		B515B1731BFED27D000D1BED /* back.png */ = {isa = PBXFileReference; lastKnownFileType = image.png; path = back.png; sourceTree = "<group>"; };
		B515B1741BFED27D000D1BED /* submit_score_btn.png */ = {isa = PBXFileReference; lastKnownFileType = image.png; path = submit_score_btn.png; sourceTree = "<group>"; };
		B515B1771BFEEBF6000D1BED /* game_over.png */ = {isa = PBXFileReference; lastKnownFileType = image.png; path = game_over.png; sourceTree = "<group>"; };
		B515B1791C02F35B000D1BED /* next.png */ = {isa = PBXFileReference; lastKnownFileType = image.png; path = next.png; sourceTree = "<group>"; };
		B515B17A1C02F35B000D1BED /* win.png */ = {isa = PBXFileReference; lastKnownFileType = image.png; path = win.png; sourceTree = "<group>"; };
		B515B17D1C04523A000D1BED /* cn_TapToStart.png */ = {isa = PBXFileReference; lastKnownFileType = image.png; path = cn_TapToStart.png; sourceTree = "<group>"; };
		B515B17E1C04523A000D1BED /* TapToStart.png */ = {isa = PBXFileReference; lastKnownFileType = image.png; path = TapToStart.png; sourceTree = "<group>"; };
		B515B1811C085CA8000D1BED /* rank_bot.png */ = {isa = PBXFileReference; lastKnownFileType = image.png; path = rank_bot.png; sourceTree = "<group>"; };
		B515B1821C085CA8000D1BED /* rank_top.png */ = {isa = PBXFileReference; lastKnownFileType = image.png; path = rank_top.png; sourceTree = "<group>"; };
		B515B1831C085CA8000D1BED /* play_board_bg.png */ = {isa = PBXFileReference; lastKnownFileType = image.png; path = play_board_bg.png; sourceTree = "<group>"; };
		B515B1841C085CA8000D1BED /* leader_board_btn.png */ = {isa = PBXFileReference; lastKnownFileType = image.png; path = leader_board_btn.png; sourceTree = "<group>"; };
		B515B1891C085DA3000D1BED /* DatabaseManager.h */ = {isa = PBXFileReference; fileEncoding = 4; lastKnownFileType = sourcecode.c.h; path = DatabaseManager.h; sourceTree = "<group>"; };
		B515B18A1C085DA3000D1BED /* DatabaseManager.m */ = {isa = PBXFileReference; fileEncoding = 4; lastKnownFileType = sourcecode.c.objc; path = DatabaseManager.m; sourceTree = "<group>"; };
		B515B18C1C085DBD000D1BED /* RankViewController.h */ = {isa = PBXFileReference; fileEncoding = 4; lastKnownFileType = sourcecode.c.h; path = RankViewController.h; sourceTree = "<group>"; };
		B515B18D1C085DBD000D1BED /* RankViewController.m */ = {isa = PBXFileReference; fileEncoding = 4; lastKnownFileType = sourcecode.c.objc; path = RankViewController.m; sourceTree = "<group>"; };
		B515B18E1C085DBD000D1BED /* RankTableViewCell.h */ = {isa = PBXFileReference; fileEncoding = 4; lastKnownFileType = sourcecode.c.h; path = RankTableViewCell.h; sourceTree = "<group>"; };
		B515B18F1C085DBD000D1BED /* RankTableViewCell.m */ = {isa = PBXFileReference; fileEncoding = 4; lastKnownFileType = sourcecode.c.objc; path = RankTableViewCell.m; sourceTree = "<group>"; };
		B515B1901C085DBD000D1BED /* MyADView.h */ = {isa = PBXFileReference; fileEncoding = 4; lastKnownFileType = sourcecode.c.h; path = MyADView.h; sourceTree = "<group>"; };
		B515B1911C085DBD000D1BED /* MyADView.m */ = {isa = PBXFileReference; fileEncoding = 4; lastKnownFileType = sourcecode.c.objc; path = MyADView.m; sourceTree = "<group>"; };
		B515B1951C085F24000D1BED /* GameCenterUtil.h */ = {isa = PBXFileReference; fileEncoding = 4; lastKnownFileType = sourcecode.c.h; path = GameCenterUtil.h; sourceTree = "<group>"; };
		B515B1961C085F24000D1BED /* GameCenterUtil.m */ = {isa = PBXFileReference; fileEncoding = 4; lastKnownFileType = sourcecode.c.objc; path = GameCenterUtil.m; sourceTree = "<group>"; };
		B515B1991C0ACB4C000D1BED /* Rank.xcdatamodel */ = {isa = PBXFileReference; lastKnownFileType = wrapper.xcdatamodel; path = Rank.xcdatamodel; sourceTree = "<group>"; };
		B515B19E1C0ACC39000D1BED /* Entity.h */ = {isa = PBXFileReference; fileEncoding = 4; lastKnownFileType = sourcecode.c.h; path = Entity.h; sourceTree = "<group>"; };
		B515B19F1C0ACC39000D1BED /* Entity.m */ = {isa = PBXFileReference; fileEncoding = 4; lastKnownFileType = sourcecode.c.objc; path = Entity.m; sourceTree = "<group>"; };
		B515B1A11C0ACCBD000D1BED /* MainViewController.h */ = {isa = PBXFileReference; fileEncoding = 4; lastKnownFileType = sourcecode.c.h; path = MainViewController.h; sourceTree = "<group>"; };
		B515B1A21C0ACCBD000D1BED /* MainViewController.m */ = {isa = PBXFileReference; fileEncoding = 4; lastKnownFileType = sourcecode.c.objc; path = MainViewController.m; sourceTree = "<group>"; };
		B53E302F1B13247D00B7457E /* TimerThread.h */ = {isa = PBXFileReference; fileEncoding = 4; lastKnownFileType = sourcecode.c.h; name = TimerThread.h; path = ../TimerThread.h; sourceTree = "<group>"; };
		B53E30301B13247D00B7457E /* TimerThread.m */ = {isa = PBXFileReference; fileEncoding = 4; lastKnownFileType = sourcecode.c.objc; name = TimerThread.m; path = ../TimerThread.m; sourceTree = "<group>"; };
		B57313061B6B5F8800307D50 /* tool11.png */ = {isa = PBXFileReference; lastKnownFileType = image.png; path = tool11.png; sourceTree = "<group>"; };
		B57313071B6B5F8800307D50 /* tool12.png */ = {isa = PBXFileReference; lastKnownFileType = image.png; path = tool12.png; sourceTree = "<group>"; };
		B57313081B6B5F8800307D50 /* tool13.png */ = {isa = PBXFileReference; lastKnownFileType = image.png; path = tool13.png; sourceTree = "<group>"; };
		B57313091B6B5F8800307D50 /* tool14.png */ = {isa = PBXFileReference; lastKnownFileType = image.png; path = tool14.png; sourceTree = "<group>"; };
		B577217F1B4B63BD00ADC9BB /* GameOverScene.h */ = {isa = PBXFileReference; fileEncoding = 4; lastKnownFileType = sourcecode.c.h; path = GameOverScene.h; sourceTree = "<group>"; };
		B57721801B4B63BD00ADC9BB /* GameOverScene.m */ = {isa = PBXFileReference; fileEncoding = 4; lastKnownFileType = sourcecode.c.objc; path = GameOverScene.m; sourceTree = "<group>"; };
		B57721821B4B63D200ADC9BB /* BreakoutGameScene.h */ = {isa = PBXFileReference; fileEncoding = 4; lastKnownFileType = sourcecode.c.h; path = BreakoutGameScene.h; sourceTree = "<group>"; };
		B57721831B4B63D200ADC9BB /* BreakoutGameScene.m */ = {isa = PBXFileReference; fileEncoding = 4; lastKnownFileType = sourcecode.c.objc; path = BreakoutGameScene.m; sourceTree = "<group>"; };
		B57721861B4B8F1900ADC9BB /* ball.png */ = {isa = PBXFileReference; lastKnownFileType = image.png; path = ball.png; sourceTree = "<group>"; };
		B57721871B4B8F1900ADC9BB /* ball@2x~ipad.png */ = {isa = PBXFileReference; lastKnownFileType = image.png; path = "ball@2x~ipad.png"; sourceTree = "<group>"; };
		B57721881B4B8F1900ADC9BB /* ball~ipad.png */ = {isa = PBXFileReference; lastKnownFileType = image.png; path = "ball~ipad.png"; sourceTree = "<group>"; };
		B57721891B4B8F1900ADC9BB /* block.png */ = {isa = PBXFileReference; lastKnownFileType = image.png; path = block.png; sourceTree = "<group>"; };
		B577218A1B4B8F1900ADC9BB /* block@2x~ipad.png */ = {isa = PBXFileReference; lastKnownFileType = image.png; path = "block@2x~ipad.png"; sourceTree = "<group>"; };
		B577218B1B4B8F1900ADC9BB /* block~ipad.png */ = {isa = PBXFileReference; lastKnownFileType = image.png; path = "block~ipad.png"; sourceTree = "<group>"; };
		B577218C1B4B8F1900ADC9BB /* paddle.png */ = {isa = PBXFileReference; lastKnownFileType = image.png; path = paddle.png; sourceTree = "<group>"; };
		B577218D1B4B8F1900ADC9BB /* paddle@2x~ipad.png */ = {isa = PBXFileReference; lastKnownFileType = image.png; path = "paddle@2x~ipad.png"; sourceTree = "<group>"; };
		B577218E1B4B8F1900ADC9BB /* paddle~ipad.png */ = {isa = PBXFileReference; lastKnownFileType = image.png; path = "paddle~ipad.png"; sourceTree = "<group>"; };
		B57721981B4B8F2B00ADC9BB /* bg@2x~ipad.png */ = {isa = PBXFileReference; lastKnownFileType = image.png; path = "bg@2x~ipad.png"; sourceTree = "<group>"; };
		B57721991B4B8F2B00ADC9BB /* bg@2x~iphone.png */ = {isa = PBXFileReference; lastKnownFileType = image.png; path = "bg@2x~iphone.png"; sourceTree = "<group>"; };
		B577219A1B4B8F2B00ADC9BB /* bg~ipad.png */ = {isa = PBXFileReference; lastKnownFileType = image.png; path = "bg~ipad.png"; sourceTree = "<group>"; };
		B577219B1B4B8F2B00ADC9BB /* bg~iphone.png */ = {isa = PBXFileReference; lastKnownFileType = image.png; path = "bg~iphone.png"; sourceTree = "<group>"; };
		B57795FA1B0ED6AC00ABE278 /* BrickUtil.h */ = {isa = PBXFileReference; fileEncoding = 4; lastKnownFileType = sourcecode.c.h; path = BrickUtil.h; sourceTree = "<group>"; };
		B57795FB1B0ED6AC00ABE278 /* BrickUtil.m */ = {isa = PBXFileReference; fileEncoding = 4; lastKnownFileType = sourcecode.c.objc; path = BrickUtil.m; sourceTree = "<group>"; };
		B57795FD1B0ED88300ABE278 /* EffectUtil.h */ = {isa = PBXFileReference; fileEncoding = 4; lastKnownFileType = sourcecode.c.h; path = EffectUtil.h; sourceTree = "<group>"; };
		B57795FE1B0ED88300ABE278 /* EffectUtil.m */ = {isa = PBXFileReference; fileEncoding = 4; lastKnownFileType = sourcecode.c.objc; path = EffectUtil.m; sourceTree = "<group>"; };
		B57796001B0EE15600ABE278 /* BrickMaxConfig.h */ = {isa = PBXFileReference; fileEncoding = 4; lastKnownFileType = sourcecode.c.h; path = BrickMaxConfig.h; sourceTree = "<group>"; };
		B57796011B0EE15600ABE278 /* BrickMaxConfig.m */ = {isa = PBXFileReference; fileEncoding = 4; lastKnownFileType = sourcecode.c.objc; path = BrickMaxConfig.m; sourceTree = "<group>"; };
		B57796031B0F029400ABE278 /* BitmapUtil.h */ = {isa = PBXFileReference; fileEncoding = 4; lastKnownFileType = sourcecode.c.h; path = BitmapUtil.h; sourceTree = "<group>"; };
		B57796041B0F029400ABE278 /* BitmapUtil.m */ = {isa = PBXFileReference; fileEncoding = 4; lastKnownFileType = sourcecode.c.objc; path = BitmapUtil.m; sourceTree = "<group>"; };
		B57796091B0F0B7800ABE278 /* ToolUtil.h */ = {isa = PBXFileReference; fileEncoding = 4; lastKnownFileType = sourcecode.c.h; path = ToolUtil.h; sourceTree = "<group>"; };
		B577960A1B0F0B7800ABE278 /* ToolUtil.m */ = {isa = PBXFileReference; fileEncoding = 4; lastKnownFileType = sourcecode.c.objc; path = ToolUtil.m; sourceTree = "<group>"; };
		B577960C1B0F0C2900ABE278 /* BallUtil.h */ = {isa = PBXFileReference; fileEncoding = 4; lastKnownFileType = sourcecode.c.h; path = BallUtil.h; sourceTree = "<group>"; };
		B577960D1B0F0C2900ABE278 /* BallUtil.m */ = {isa = PBXFileReference; fileEncoding = 4; lastKnownFileType = sourcecode.c.objc; path = BallUtil.m; sourceTree = "<group>"; };
		B57AF9981B1EAE5E00979D53 /* BallViewConfig.h */ = {isa = PBXFileReference; fileEncoding = 4; lastKnownFileType = sourcecode.c.h; path = BallViewConfig.h; sourceTree = "<group>"; };
		B57AF9991B1EAE5E00979D53 /* BallViewConfig.m */ = {isa = PBXFileReference; fileEncoding = 4; lastKnownFileType = sourcecode.c.objc; path = BallViewConfig.m; sourceTree = "<group>"; };
		B592A8CB1AFA1C290014FC4C /* Try_HitBrick.app */ = {isa = PBXFileReference; explicitFileType = wrapper.application; includeInIndex = 0; path = Try_HitBrick.app; sourceTree = BUILT_PRODUCTS_DIR; };
		B592A8CE1AFA1C290014FC4C /* Foundation.framework */ = {isa = PBXFileReference; lastKnownFileType = wrapper.framework; name = Foundation.framework; path = System/Library/Frameworks/Foundation.framework; sourceTree = SDKROOT; };
		B592A8D01AFA1C290014FC4C /* CoreGraphics.framework */ = {isa = PBXFileReference; lastKnownFileType = wrapper.framework; name = CoreGraphics.framework; path = System/Library/Frameworks/CoreGraphics.framework; sourceTree = SDKROOT; };
		B592A8D21AFA1C290014FC4C /* UIKit.framework */ = {isa = PBXFileReference; lastKnownFileType = wrapper.framework; name = UIKit.framework; path = System/Library/Frameworks/UIKit.framework; sourceTree = SDKROOT; };
		B592A8D41AFA1C290014FC4C /* SpriteKit.framework */ = {isa = PBXFileReference; lastKnownFileType = wrapper.framework; name = SpriteKit.framework; path = System/Library/Frameworks/SpriteKit.framework; sourceTree = SDKROOT; };
		B592A8D81AFA1C290014FC4C /* Try_HitBrick-Info.plist */ = {isa = PBXFileReference; lastKnownFileType = text.plist.xml; path = "Try_HitBrick-Info.plist"; sourceTree = "<group>"; };
		B592A8DA1AFA1C290014FC4C /* en */ = {isa = PBXFileReference; lastKnownFileType = text.plist.strings; name = en; path = en.lproj/InfoPlist.strings; sourceTree = "<group>"; };
		B592A8DC1AFA1C290014FC4C /* main.m */ = {isa = PBXFileReference; lastKnownFileType = sourcecode.c.objc; path = main.m; sourceTree = "<group>"; };
		B592A8DE1AFA1C290014FC4C /* Try_HitBrick-Prefix.pch */ = {isa = PBXFileReference; lastKnownFileType = sourcecode.c.h; path = "Try_HitBrick-Prefix.pch"; sourceTree = "<group>"; };
		B592A8DF1AFA1C290014FC4C /* AppDelegate.h */ = {isa = PBXFileReference; lastKnownFileType = sourcecode.c.h; path = AppDelegate.h; sourceTree = "<group>"; };
		B592A8E01AFA1C290014FC4C /* AppDelegate.m */ = {isa = PBXFileReference; lastKnownFileType = sourcecode.c.objc; path = AppDelegate.m; sourceTree = "<group>"; };
		B592A8E31AFA1C290014FC4C /* Base */ = {isa = PBXFileReference; lastKnownFileType = file.storyboard; name = Base; path = Base.lproj/Main.storyboard; sourceTree = "<group>"; };
		B592A8E51AFA1C290014FC4C /* ViewController.h */ = {isa = PBXFileReference; lastKnownFileType = sourcecode.c.h; path = ViewController.h; sourceTree = "<group>"; };
		B592A8E61AFA1C290014FC4C /* ViewController.m */ = {isa = PBXFileReference; lastKnownFileType = sourcecode.c.objc; path = ViewController.m; sourceTree = "<group>"; };
		B592A8E81AFA1C290014FC4C /* MyScene.h */ = {isa = PBXFileReference; lastKnownFileType = sourcecode.c.h; path = MyScene.h; sourceTree = "<group>"; };
		B592A8E91AFA1C290014FC4C /* MyScene.m */ = {isa = PBXFileReference; lastKnownFileType = sourcecode.c.objc; path = MyScene.m; sourceTree = "<group>"; };
		B592A8EB1AFA1C290014FC4C /* Spaceship.png */ = {isa = PBXFileReference; lastKnownFileType = image.png; path = Spaceship.png; sourceTree = "<group>"; };
		B592A8ED1AFA1C290014FC4C /* Images.xcassets */ = {isa = PBXFileReference; lastKnownFileType = folder.assetcatalog; path = Images.xcassets; sourceTree = "<group>"; };
		B592A8F31AFA1C290014FC4C /* Try_HitBrickTests.xctest */ = {isa = PBXFileReference; explicitFileType = wrapper.cfbundle; includeInIndex = 0; path = Try_HitBrickTests.xctest; sourceTree = BUILT_PRODUCTS_DIR; };
		B592A8F41AFA1C290014FC4C /* XCTest.framework */ = {isa = PBXFileReference; lastKnownFileType = wrapper.framework; name = XCTest.framework; path = Library/Frameworks/XCTest.framework; sourceTree = DEVELOPER_DIR; };
		B592A8FC1AFA1C290014FC4C /* Try_HitBrickTests-Info.plist */ = {isa = PBXFileReference; lastKnownFileType = text.plist.xml; path = "Try_HitBrickTests-Info.plist"; sourceTree = "<group>"; };
		B592A8FE1AFA1C290014FC4C /* en */ = {isa = PBXFileReference; lastKnownFileType = text.plist.strings; name = en; path = en.lproj/InfoPlist.strings; sourceTree = "<group>"; };
		B592A9001AFA1C290014FC4C /* Try_HitBrickTests.m */ = {isa = PBXFileReference; lastKnownFileType = sourcecode.c.objc; path = Try_HitBrickTests.m; sourceTree = "<group>"; };
		B5A1A5341BE2EB4200F1C9AC /* dot.png */ = {isa = PBXFileReference; lastKnownFileType = image.png; path = dot.png; sourceTree = "<group>"; };
		B5A1A5351BE2EB4200F1C9AC /* s0.png */ = {isa = PBXFileReference; lastKnownFileType = image.png; path = s0.png; sourceTree = "<group>"; };
		B5A1A5361BE2EB4200F1C9AC /* s1.png */ = {isa = PBXFileReference; lastKnownFileType = image.png; path = s1.png; sourceTree = "<group>"; };
		B5A1A5371BE2EB4200F1C9AC /* s2.png */ = {isa = PBXFileReference; lastKnownFileType = image.png; path = s2.png; sourceTree = "<group>"; };
		B5A1A5381BE2EB4200F1C9AC /* s3.png */ = {isa = PBXFileReference; lastKnownFileType = image.png; path = s3.png; sourceTree = "<group>"; };
		B5A1A5391BE2EB4200F1C9AC /* s4.png */ = {isa = PBXFileReference; lastKnownFileType = image.png; path = s4.png; sourceTree = "<group>"; };
		B5A1A53A1BE2EB4200F1C9AC /* s5.png */ = {isa = PBXFileReference; lastKnownFileType = image.png; path = s5.png; sourceTree = "<group>"; };
		B5A1A53B1BE2EB4200F1C9AC /* s6.png */ = {isa = PBXFileReference; lastKnownFileType = image.png; path = s6.png; sourceTree = "<group>"; };
		B5A1A53C1BE2EB4200F1C9AC /* s7.png */ = {isa = PBXFileReference; lastKnownFileType = image.png; path = s7.png; sourceTree = "<group>"; };
		B5A1A53D1BE2EB4200F1C9AC /* s8.png */ = {isa = PBXFileReference; lastKnownFileType = image.png; path = s8.png; sourceTree = "<group>"; };
		B5A1A53E1BE2EB4200F1C9AC /* s9.png */ = {isa = PBXFileReference; lastKnownFileType = image.png; path = s9.png; sourceTree = "<group>"; };
/* End PBXFileReference section */

/* Begin PBXFrameworksBuildPhase section */
		B592A8C81AFA1C290014FC4C /* Frameworks */ = {
			isa = PBXFrameworksBuildPhase;
			buildActionMask = 2147483647;
			files = (
				B592A8D11AFA1C290014FC4C /* CoreGraphics.framework in Frameworks */,
				B592A8D31AFA1C290014FC4C /* UIKit.framework in Frameworks */,
				B592A8D51AFA1C290014FC4C /* SpriteKit.framework in Frameworks */,
				B592A8CF1AFA1C290014FC4C /* Foundation.framework in Frameworks */,
			);
			runOnlyForDeploymentPostprocessing = 0;
		};
		B592A8F01AFA1C290014FC4C /* Frameworks */ = {
			isa = PBXFrameworksBuildPhase;
			buildActionMask = 2147483647;
			files = (
				B592A8F51AFA1C290014FC4C /* XCTest.framework in Frameworks */,
				B592A8F71AFA1C290014FC4C /* UIKit.framework in Frameworks */,
				B592A8F61AFA1C290014FC4C /* Foundation.framework in Frameworks */,
			);
			runOnlyForDeploymentPostprocessing = 0;
		};
/* End PBXFrameworksBuildPhase section */

/* Begin PBXGroup section */
		8A560F69212AC81A00227E53 /* Utility */ = {
			isa = PBXGroup;
			children = (
				8A560F6A212AC82A00227E53 /* SoundManager.h */,
				8A560F6B212AC82A00227E53 /* SoundManager.m */,
			);
			path = Utility;
			sourceTree = "<group>";
		};
		B57721851B4B8ED200ADC9BB /* Images */ = {
			isa = PBXGroup;
			children = (
				B5A1A5341BE2EB4200F1C9AC /* dot.png */,
				B5A1A5351BE2EB4200F1C9AC /* s0.png */,
				B5A1A5361BE2EB4200F1C9AC /* s1.png */,
				B5A1A5371BE2EB4200F1C9AC /* s2.png */,
				B5A1A5381BE2EB4200F1C9AC /* s3.png */,
				B5A1A5391BE2EB4200F1C9AC /* s4.png */,
				B5A1A53A1BE2EB4200F1C9AC /* s5.png */,
				B5A1A53B1BE2EB4200F1C9AC /* s6.png */,
				B5A1A53C1BE2EB4200F1C9AC /* s7.png */,
				B5A1A53D1BE2EB4200F1C9AC /* s8.png */,
				B5A1A53E1BE2EB4200F1C9AC /* s9.png */,
				B515B1511BF1BC61000D1BED /* second_s.png */,
				B50AD1021B9AE914003D6BF1 /* brick01.png */,
				B50AD1031B9AE914003D6BF1 /* brick02.png */,
				B50AD1041B9AE914003D6BF1 /* brick03.png */,
				B50AD1051B9AE914003D6BF1 /* brick04_1.png */,
				B50AD1061B9AE914003D6BF1 /* brick04.png */,
				B50AD1071B9AE914003D6BF1 /* brick05.png */,
				B50AD1081B9AE914003D6BF1 /* brick06.png */,
				B50AD1091B9AE914003D6BF1 /* brick07.png */,
				8A1367FC212C0F9800A8FAFA /* tool01.png */,
				8A1367FB212C0F9800A8FAFA /* tool02.png */,
				8A136802212C0F9B00A8FAFA /* tool03.png */,
				8A1367FD212C0F9900A8FAFA /* tool04.png */,
				8A136804212C0F9C00A8FAFA /* tool05.png */,
				8A136801212C0F9B00A8FAFA /* tool06.png */,
				8A1367FE212C0F9900A8FAFA /* tool07.png */,
				8A136800212C0F9B00A8FAFA /* tool08.png */,
				8A1367FF212C0F9A00A8FAFA /* tool09.png */,
				8A136803212C0F9C00A8FAFA /* tool10.png */,
				B57313061B6B5F8800307D50 /* tool11.png */,
				B57313071B6B5F8800307D50 /* tool12.png */,
				B57313081B6B5F8800307D50 /* tool13.png */,
				B57313091B6B5F8800307D50 /* tool14.png */,
				B57721861B4B8F1900ADC9BB /* ball.png */,
				B57721871B4B8F1900ADC9BB /* ball@2x~ipad.png */,
				B57721881B4B8F1900ADC9BB /* ball~ipad.png */,
				B515B1531BF1C690000D1BED /* ball1.png */,
				B515B1541BF1C690000D1BED /* ball1@2x~ipad.png */,
				B515B1551BF1C690000D1BED /* ball1~ipad.png */,
				B515B1561BF1C690000D1BED /* ball2.png */,
				B515B1571BF1C690000D1BED /* ball2@2x~ipad.png */,
				B515B1581BF1C690000D1BED /* ball2~ipad.png */,
				B57721891B4B8F1900ADC9BB /* block.png */,
				B577218A1B4B8F1900ADC9BB /* block@2x~ipad.png */,
				B577218B1B4B8F1900ADC9BB /* block~ipad.png */,
				B577218C1B4B8F1900ADC9BB /* paddle.png */,
				B577218D1B4B8F1900ADC9BB /* paddle@2x~ipad.png */,
				B577218E1B4B8F1900ADC9BB /* paddle~ipad.png */,
				B57721981B4B8F2B00ADC9BB /* bg@2x~ipad.png */,
				B57721991B4B8F2B00ADC9BB /* bg@2x~iphone.png */,
				B577219A1B4B8F2B00ADC9BB /* bg~ipad.png */,
				B577219B1B4B8F2B00ADC9BB /* bg~iphone.png */,
				B515B15F1BF1DDE1000D1BED /* logo.jpg */,
				B515B1601BF1DDE1000D1BED /* menu_map.jpg */,
				B515B1611BF1DDE1000D1BED /* menu.jpg */,
				B515B1621BF1DDE1000D1BED /* o.png */,
				B515B1631BF1DDE1000D1BED /* x.png */,
				B515B16F1BFED1BF000D1BED /* game_restart_btn01.png */,
				B515B1701BFED1BF000D1BED /* game_restart_btn02.png */,
				B515B1731BFED27D000D1BED /* back.png */,
				B515B1741BFED27D000D1BED /* submit_score_btn.png */,
				B515B1771BFEEBF6000D1BED /* game_over.png */,
				B515B1791C02F35B000D1BED /* next.png */,
				B515B17A1C02F35B000D1BED /* win.png */,
				B515B17D1C04523A000D1BED /* cn_TapToStart.png */,
				B515B17E1C04523A000D1BED /* TapToStart.png */,
				B515B1811C085CA8000D1BED /* rank_bot.png */,
				B515B1821C085CA8000D1BED /* rank_top.png */,
				B515B1831C085CA8000D1BED /* play_board_bg.png */,
				B515B1841C085CA8000D1BED /* leader_board_btn.png */,
			);
			path = Images;
			sourceTree = "<group>";
		};
		B592A8C21AFA1C290014FC4C = {
			isa = PBXGroup;
			children = (
				B515B19E1C0ACC39000D1BED /* Entity.h */,
				B515B19F1C0ACC39000D1BED /* Entity.m */,
				B592A8D61AFA1C290014FC4C /* Try_HitBrick */,
				B592A8FA1AFA1C290014FC4C /* Try_HitBrickTests */,
				B592A8CD1AFA1C290014FC4C /* Frameworks */,
				B592A8CC1AFA1C290014FC4C /* Products */,
			);
			sourceTree = "<group>";
		};
		B592A8CC1AFA1C290014FC4C /* Products */ = {
			isa = PBXGroup;
			children = (
				B592A8CB1AFA1C290014FC4C /* Try_HitBrick.app */,
				B592A8F31AFA1C290014FC4C /* Try_HitBrickTests.xctest */,
			);
			name = Products;
			sourceTree = "<group>";
		};
		B592A8CD1AFA1C290014FC4C /* Frameworks */ = {
			isa = PBXGroup;
			children = (
				B592A8CE1AFA1C290014FC4C /* Foundation.framework */,
				B592A8D01AFA1C290014FC4C /* CoreGraphics.framework */,
				B592A8D21AFA1C290014FC4C /* UIKit.framework */,
				B592A8D41AFA1C290014FC4C /* SpriteKit.framework */,
				B592A8F41AFA1C290014FC4C /* XCTest.framework */,
			);
			name = Frameworks;
			sourceTree = "<group>";
		};
		B592A8D61AFA1C290014FC4C /* Try_HitBrick */ = {
			isa = PBXGroup;
			children = (
				8A560F69212AC81A00227E53 /* Utility */,
				B57721851B4B8ED200ADC9BB /* Images */,
				B592A8DF1AFA1C290014FC4C /* AppDelegate.h */,
				B592A8E01AFA1C290014FC4C /* AppDelegate.m */,
				B515B1691BF1EA3D000D1BED /* WinDialogViewController.h */,
				B515B16A1BF1EA3D000D1BED /* WinDialogViewController.m */,
				B515B16C1BFC5954000D1BED /* GameOverViewController.h */,
				B515B16D1BFC5954000D1BED /* GameOverViewController.m */,
				B592A8E21AFA1C290014FC4C /* Main.storyboard */,
				B515B1A11C0ACCBD000D1BED /* MainViewController.h */,
				B515B1A21C0ACCBD000D1BED /* MainViewController.m */,
				B592A8E51AFA1C290014FC4C /* ViewController.h */,
				B592A8E61AFA1C290014FC4C /* ViewController.m */,
				B57721821B4B63D200ADC9BB /* BreakoutGameScene.h */,
				B57721831B4B63D200ADC9BB /* BreakoutGameScene.m */,
				B577217F1B4B63BD00ADC9BB /* GameOverScene.h */,
				B57721801B4B63BD00ADC9BB /* GameOverScene.m */,
				B592A8E81AFA1C290014FC4C /* MyScene.h */,
				B592A8E91AFA1C290014FC4C /* MyScene.m */,
				B577960C1B0F0C2900ABE278 /* BallUtil.h */,
				B577960D1B0F0C2900ABE278 /* BallUtil.m */,
				B57795FA1B0ED6AC00ABE278 /* BrickUtil.h */,
				B57795FB1B0ED6AC00ABE278 /* BrickUtil.m */,
				B57795FD1B0ED88300ABE278 /* EffectUtil.h */,
				B57795FE1B0ED88300ABE278 /* EffectUtil.m */,
				B57796001B0EE15600ABE278 /* BrickMaxConfig.h */,
				B57796011B0EE15600ABE278 /* BrickMaxConfig.m */,
				B57796031B0F029400ABE278 /* BitmapUtil.h */,
				B57796041B0F029400ABE278 /* BitmapUtil.m */,
				B57796091B0F0B7800ABE278 /* ToolUtil.h */,
				B577960A1B0F0B7800ABE278 /* ToolUtil.m */,
				B53E302F1B13247D00B7457E /* TimerThread.h */,
				B53E30301B13247D00B7457E /* TimerThread.m */,
				B57AF9981B1EAE5E00979D53 /* BallViewConfig.h */,
				B57AF9991B1EAE5E00979D53 /* BallViewConfig.m */,
				B515B18C1C085DBD000D1BED /* RankViewController.h */,
				B515B18D1C085DBD000D1BED /* RankViewController.m */,
				B515B18E1C085DBD000D1BED /* RankTableViewCell.h */,
				B515B18F1C085DBD000D1BED /* RankTableViewCell.m */,
				B515B1901C085DBD000D1BED /* MyADView.h */,
				B515B1911C085DBD000D1BED /* MyADView.m */,
				B515B1951C085F24000D1BED /* GameCenterUtil.h */,
				B515B1961C085F24000D1BED /* GameCenterUtil.m */,
				B515B1891C085DA3000D1BED /* DatabaseManager.h */,
				B515B18A1C085DA3000D1BED /* DatabaseManager.m */,
				B515B1981C0ACB4C000D1BED /* Rank.xcdatamodeld */,
				B592A8EB1AFA1C290014FC4C /* Spaceship.png */,
				B592A8ED1AFA1C290014FC4C /* Images.xcassets */,
				B592A8D71AFA1C290014FC4C /* Supporting Files */,
			);
			path = Try_HitBrick;
			sourceTree = "<group>";
		};
		B592A8D71AFA1C290014FC4C /* Supporting Files */ = {
			isa = PBXGroup;
			children = (
				B592A8D81AFA1C290014FC4C /* Try_HitBrick-Info.plist */,
				B592A8D91AFA1C290014FC4C /* InfoPlist.strings */,
				B592A8DC1AFA1C290014FC4C /* main.m */,
				B592A8DE1AFA1C290014FC4C /* Try_HitBrick-Prefix.pch */,
			);
			name = "Supporting Files";
			sourceTree = "<group>";
		};
		B592A8FA1AFA1C290014FC4C /* Try_HitBrickTests */ = {
			isa = PBXGroup;
			children = (
				B592A9001AFA1C290014FC4C /* Try_HitBrickTests.m */,
				B592A8FB1AFA1C290014FC4C /* Supporting Files */,
			);
			path = Try_HitBrickTests;
			sourceTree = "<group>";
		};
		B592A8FB1AFA1C290014FC4C /* Supporting Files */ = {
			isa = PBXGroup;
			children = (
				B592A8FC1AFA1C290014FC4C /* Try_HitBrickTests-Info.plist */,
				B592A8FD1AFA1C290014FC4C /* InfoPlist.strings */,
			);
			name = "Supporting Files";
			sourceTree = "<group>";
		};
/* End PBXGroup section */

/* Begin PBXNativeTarget section */
		B592A8CA1AFA1C290014FC4C /* Try_HitBrick */ = {
			isa = PBXNativeTarget;
			buildConfigurationList = B592A9041AFA1C290014FC4C /* Build configuration list for PBXNativeTarget "Try_HitBrick" */;
			buildPhases = (
				B592A8C71AFA1C290014FC4C /* Sources */,
				B592A8C81AFA1C290014FC4C /* Frameworks */,
				B592A8C91AFA1C290014FC4C /* Resources */,
			);
			buildRules = (
			);
			dependencies = (
			);
			name = Try_HitBrick;
			productName = Try_HitBrick;
			productReference = B592A8CB1AFA1C290014FC4C /* Try_HitBrick.app */;
			productType = "com.apple.product-type.application";
		};
		B592A8F21AFA1C290014FC4C /* Try_HitBrickTests */ = {
			isa = PBXNativeTarget;
			buildConfigurationList = B592A9071AFA1C290014FC4C /* Build configuration list for PBXNativeTarget "Try_HitBrickTests" */;
			buildPhases = (
				B592A8EF1AFA1C290014FC4C /* Sources */,
				B592A8F01AFA1C290014FC4C /* Frameworks */,
				B592A8F11AFA1C290014FC4C /* Resources */,
			);
			buildRules = (
			);
			dependencies = (
				B592A8F91AFA1C290014FC4C /* PBXTargetDependency */,
			);
			name = Try_HitBrickTests;
			productName = Try_HitBrickTests;
			productReference = B592A8F31AFA1C290014FC4C /* Try_HitBrickTests.xctest */;
			productType = "com.apple.product-type.bundle.unit-test";
		};
/* End PBXNativeTarget section */

/* Begin PBXProject section */
		B592A8C31AFA1C290014FC4C /* Project object */ = {
			isa = PBXProject;
			attributes = {
				LastUpgradeCheck = 0510;
				ORGANIZATIONNAME = "___FULLUSERNAME___";
				TargetAttributes = {
					B592A8CA1AFA1C290014FC4C = {
						DevelopmentTeam = FMZXNUXTR6;
					};
					B592A8F21AFA1C290014FC4C = {
						TestTargetID = B592A8CA1AFA1C290014FC4C;
					};
				};
			};
			buildConfigurationList = B592A8C61AFA1C290014FC4C /* Build configuration list for PBXProject "Try_HitBrick" */;
			compatibilityVersion = "Xcode 3.2";
			developmentRegion = English;
			hasScannedForEncodings = 0;
			knownRegions = (
				en,
				Base,
			);
			mainGroup = B592A8C21AFA1C290014FC4C;
			productRefGroup = B592A8CC1AFA1C290014FC4C /* Products */;
			projectDirPath = "";
			projectRoot = "";
			targets = (
				B592A8CA1AFA1C290014FC4C /* Try_HitBrick */,
				B592A8F21AFA1C290014FC4C /* Try_HitBrickTests */,
			);
		};
/* End PBXProject section */

/* Begin PBXResourcesBuildPhase section */
		B592A8C91AFA1C290014FC4C /* Resources */ = {
			isa = PBXResourcesBuildPhase;
			buildActionMask = 2147483647;
			files = (
				8A560F9F212BA97900227E53 /* ball~ipad.png in Resources */,
				8A560FB1212BA97900227E53 /* menu_map.jpg in Resources */,
				8A560F83212BA97900227E53 /* s7.png in Resources */,
				8A560FAB212BA97900227E53 /* paddle~ipad.png in Resources */,
				8A560FAE212BA97900227E53 /* bg~ipad.png in Resources */,
				8A136805212C0F9C00A8FAFA /* tool02.png in Resources */,
				8A560FB7212BA97900227E53 /* back.png in Resources */,
				8A560FAF212BA97900227E53 /* bg~iphone.png in Resources */,
				8A560F80212BA97900227E53 /* s4.png in Resources */,
				8A560F9E212BA97900227E53 /* ball@2x~ipad.png in Resources */,
				8A560FC0212BA97900227E53 /* play_board_bg.png in Resources */,
				8A560F84212BA97900227E53 /* s8.png in Resources */,
				B592A8DB1AFA1C290014FC4C /* InfoPlist.strings in Resources */,
				8A560FB6212BA97900227E53 /* game_restart_btn02.png in Resources */,
				8A560FBC212BA97900227E53 /* cn_TapToStart.png in Resources */,
				8A560F82212BA97900227E53 /* s6.png in Resources */,
				8A560FA3212BA97900227E53 /* ball2.png in Resources */,
				8A560FB9212BA97900227E53 /* game_over.png in Resources */,
				8A560F8D212BA97900227E53 /* brick06.png in Resources */,
				8A560F85212BA97900227E53 /* s9.png in Resources */,
				8A136809212C0F9C00A8FAFA /* tool09.png in Resources */,
				8A560FB2212BA97900227E53 /* menu.jpg in Resources */,
				8A560F9B212BA97900227E53 /* tool13.png in Resources */,
				8A560FB4212BA97900227E53 /* x.png in Resources */,
				B592A8EE1AFA1C290014FC4C /* Images.xcassets in Resources */,
				8A13680B212C0F9C00A8FAFA /* tool06.png in Resources */,
				8A560FBD212BA97900227E53 /* TapToStart.png in Resources */,
				8A560FA4212BA97900227E53 /* ball2@2x~ipad.png in Resources */,
				8A560F8E212BA97900227E53 /* brick07.png in Resources */,
				8A560F7D212BA97900227E53 /* s1.png in Resources */,
				8A560FB3212BA97900227E53 /* o.png in Resources */,
				8A560FA1212BA97900227E53 /* ball1@2x~ipad.png in Resources */,
				8A560FBA212BA97900227E53 /* next.png in Resources */,
				8A560FB5212BA97900227E53 /* game_restart_btn01.png in Resources */,
				8A560F89212BA97900227E53 /* brick03.png in Resources */,
				8A13680E212C0F9C00A8FAFA /* tool05.png in Resources */,
				8A136806212C0F9C00A8FAFA /* tool01.png in Resources */,
				8A560FB0212BA97900227E53 /* logo.jpg in Resources */,
				8A560FA6212BA97900227E53 /* block.png in Resources */,
				8A560F7C212BA97900227E53 /* s0.png in Resources */,
				B592A8EC1AFA1C290014FC4C /* Spaceship.png in Resources */,
				8A560F7F212BA97900227E53 /* s3.png in Resources */,
				8A560FBF212BA97900227E53 /* rank_top.png in Resources */,
				8A560F88212BA97900227E53 /* brick02.png in Resources */,
				8A560FA9212BA97900227E53 /* paddle.png in Resources */,
				8A560FA7212BA97900227E53 /* block@2x~ipad.png in Resources */,
				8A560F7B212BA97900227E53 /* dot.png in Resources */,
				8A560FA8212BA97900227E53 /* block~ipad.png in Resources */,
				8A560F7E212BA97900227E53 /* s2.png in Resources */,
				8A13680C212C0F9C00A8FAFA /* tool03.png in Resources */,
				8A560FA2212BA97900227E53 /* ball1~ipad.png in Resources */,
				8A560F8A212BA97900227E53 /* brick04_1.png in Resources */,
				8A560F8C212BA97900227E53 /* brick05.png in Resources */,
				8A560F86212BA97900227E53 /* second_s.png in Resources */,
				8A560FC1212BA97900227E53 /* leader_board_btn.png in Resources */,
				8A560FBE212BA97900227E53 /* rank_bot.png in Resources */,
				8A560F9A212BA97900227E53 /* tool12.png in Resources */,
				8A13680D212C0F9C00A8FAFA /* tool10.png in Resources */,
				8A560F9D212BA97900227E53 /* ball.png in Resources */,
				8A560F9C212BA97900227E53 /* tool14.png in Resources */,
				8A560FA0212BA97900227E53 /* ball1.png in Resources */,
				8A560FAC212BA97900227E53 /* bg@2x~ipad.png in Resources */,
				8A560FAA212BA97900227E53 /* paddle@2x~ipad.png in Resources */,
				8A560F99212BA97900227E53 /* tool11.png in Resources */,
				8A560FAD212BA97900227E53 /* bg@2x~iphone.png in Resources */,
				B592A8E41AFA1C290014FC4C /* Main.storyboard in Resources */,
				8A560FBB212BA97900227E53 /* win.png in Resources */,
				8A560F81212BA97900227E53 /* s5.png in Resources */,
				8A136808212C0F9C00A8FAFA /* tool07.png in Resources */,
				8A136807212C0F9C00A8FAFA /* tool04.png in Resources */,
				8A560FA5212BA97900227E53 /* ball2~ipad.png in Resources */,
				8A13680A212C0F9C00A8FAFA /* tool08.png in Resources */,
				8A560FB8212BA97900227E53 /* submit_score_btn.png in Resources */,
				8A560F87212BA97900227E53 /* brick01.png in Resources */,
				8A560F8B212BA97900227E53 /* brick04.png in Resources */,
			);
			runOnlyForDeploymentPostprocessing = 0;
		};
		B592A8F11AFA1C290014FC4C /* Resources */ = {
			isa = PBXResourcesBuildPhase;
			buildActionMask = 2147483647;
			files = (
				B592A8FF1AFA1C290014FC4C /* InfoPlist.strings in Resources */,
			);
			runOnlyForDeploymentPostprocessing = 0;
		};
/* End PBXResourcesBuildPhase section */

/* Begin PBXSourcesBuildPhase section */
		B592A8C71AFA1C290014FC4C /* Sources */ = {
			isa = PBXSourcesBuildPhase;
			buildActionMask = 2147483647;
			files = (
				B57795FF1B0ED88300ABE278 /* EffectUtil.m in Sources */,
				B515B19A1C0ACB4C000D1BED /* Rank.xcdatamodeld in Sources */,
				B57795FC1B0ED6AC00ABE278 /* BrickUtil.m in Sources */,
				B577960E1B0F0C2900ABE278 /* BallUtil.m in Sources */,
				B57721841B4B63D200ADC9BB /* BreakoutGameScene.m in Sources */,
				B57796051B0F029400ABE278 /* BitmapUtil.m in Sources */,
				B515B16B1BF1EA3D000D1BED /* WinDialogViewController.m in Sources */,
				B57721811B4B63BD00ADC9BB /* GameOverScene.m in Sources */,
				8A560F6C212AC82A00227E53 /* SoundManager.m in Sources */,
				B592A8EA1AFA1C290014FC4C /* MyScene.m in Sources */,
				B515B1921C085DBE000D1BED /* RankViewController.m in Sources */,
				B515B16E1BFC5954000D1BED /* GameOverViewController.m in Sources */,
				B53E30311B13247D00B7457E /* TimerThread.m in Sources */,
				B592A8E71AFA1C290014FC4C /* ViewController.m in Sources */,
				B577960B1B0F0B7800ABE278 /* ToolUtil.m in Sources */,
				B592A8E11AFA1C290014FC4C /* AppDelegate.m in Sources */,
				B592A8DD1AFA1C290014FC4C /* main.m in Sources */,
				B515B1931C085DBE000D1BED /* RankTableViewCell.m in Sources */,
				B57796021B0EE15600ABE278 /* BrickMaxConfig.m in Sources */,
				B515B18B1C085DA3000D1BED /* DatabaseManager.m in Sources */,
				B515B1A31C0ACCBD000D1BED /* MainViewController.m in Sources */,
				B515B1A01C0ACC39000D1BED /* Entity.m in Sources */,
				B57AF99A1B1EAE5E00979D53 /* BallViewConfig.m in Sources */,
				B515B1941C085DBE000D1BED /* MyADView.m in Sources */,
				B515B1971C085F24000D1BED /* GameCenterUtil.m in Sources */,
			);
			runOnlyForDeploymentPostprocessing = 0;
		};
		B592A8EF1AFA1C290014FC4C /* Sources */ = {
			isa = PBXSourcesBuildPhase;
			buildActionMask = 2147483647;
			files = (
				B592A9011AFA1C290014FC4C /* Try_HitBrickTests.m in Sources */,
			);
			runOnlyForDeploymentPostprocessing = 0;
		};
/* End PBXSourcesBuildPhase section */

/* Begin PBXTargetDependency section */
		B592A8F91AFA1C290014FC4C /* PBXTargetDependency */ = {
			isa = PBXTargetDependency;
			target = B592A8CA1AFA1C290014FC4C /* Try_HitBrick */;
			targetProxy = B592A8F81AFA1C290014FC4C /* PBXContainerItemProxy */;
		};
/* End PBXTargetDependency section */

/* Begin PBXVariantGroup section */
		B592A8D91AFA1C290014FC4C /* InfoPlist.strings */ = {
			isa = PBXVariantGroup;
			children = (
				B592A8DA1AFA1C290014FC4C /* en */,
			);
			name = InfoPlist.strings;
			sourceTree = "<group>";
		};
		B592A8E21AFA1C290014FC4C /* Main.storyboard */ = {
			isa = PBXVariantGroup;
			children = (
				B592A8E31AFA1C290014FC4C /* Base */,
			);
			name = Main.storyboard;
			sourceTree = "<group>";
		};
		B592A8FD1AFA1C290014FC4C /* InfoPlist.strings */ = {
			isa = PBXVariantGroup;
			children = (
				B592A8FE1AFA1C290014FC4C /* en */,
			);
			name = InfoPlist.strings;
			sourceTree = "<group>";
		};
/* End PBXVariantGroup section */

/* Begin XCBuildConfiguration section */
		B592A9021AFA1C290014FC4C /* Debug */ = {
			isa = XCBuildConfiguration;
			buildSettings = {
				ALWAYS_SEARCH_USER_PATHS = NO;
				CLANG_CXX_LANGUAGE_STANDARD = "gnu++0x";
				CLANG_CXX_LIBRARY = "libc++";
				CLANG_ENABLE_MODULES = YES;
				CLANG_ENABLE_OBJC_ARC = YES;
				CLANG_WARN_BOOL_CONVERSION = YES;
				CLANG_WARN_CONSTANT_CONVERSION = YES;
				CLANG_WARN_DIRECT_OBJC_ISA_USAGE = YES_ERROR;
				CLANG_WARN_EMPTY_BODY = YES;
				CLANG_WARN_ENUM_CONVERSION = YES;
				CLANG_WARN_INT_CONVERSION = YES;
				CLANG_WARN_OBJC_ROOT_CLASS = YES_ERROR;
				CLANG_WARN__DUPLICATE_METHOD_MATCH = YES;
				"CODE_SIGN_IDENTITY[sdk=iphoneos*]" = "iPhone Developer";
				COPY_PHASE_STRIP = NO;
				GCC_C_LANGUAGE_STANDARD = gnu99;
				GCC_DYNAMIC_NO_PIC = NO;
				GCC_OPTIMIZATION_LEVEL = 0;
				GCC_PREPROCESSOR_DEFINITIONS = (
					"DEBUG=1",
					"$(inherited)",
				);
				GCC_SYMBOLS_PRIVATE_EXTERN = NO;
				GCC_WARN_64_TO_32_BIT_CONVERSION = YES;
				GCC_WARN_ABOUT_RETURN_TYPE = YES_ERROR;
				GCC_WARN_UNDECLARED_SELECTOR = YES;
				GCC_WARN_UNINITIALIZED_AUTOS = YES_AGGRESSIVE;
				GCC_WARN_UNUSED_FUNCTION = YES;
				GCC_WARN_UNUSED_VARIABLE = YES;
				IPHONEOS_DEPLOYMENT_TARGET = 7.1;
				ONLY_ACTIVE_ARCH = YES;
				SDKROOT = iphoneos;
			};
			name = Debug;
		};
		B592A9031AFA1C290014FC4C /* Release */ = {
			isa = XCBuildConfiguration;
			buildSettings = {
				ALWAYS_SEARCH_USER_PATHS = NO;
				CLANG_CXX_LANGUAGE_STANDARD = "gnu++0x";
				CLANG_CXX_LIBRARY = "libc++";
				CLANG_ENABLE_MODULES = YES;
				CLANG_ENABLE_OBJC_ARC = YES;
				CLANG_WARN_BOOL_CONVERSION = YES;
				CLANG_WARN_CONSTANT_CONVERSION = YES;
				CLANG_WARN_DIRECT_OBJC_ISA_USAGE = YES_ERROR;
				CLANG_WARN_EMPTY_BODY = YES;
				CLANG_WARN_ENUM_CONVERSION = YES;
				CLANG_WARN_INT_CONVERSION = YES;
				CLANG_WARN_OBJC_ROOT_CLASS = YES_ERROR;
				CLANG_WARN__DUPLICATE_METHOD_MATCH = YES;
				"CODE_SIGN_IDENTITY[sdk=iphoneos*]" = "iPhone Developer";
				COPY_PHASE_STRIP = YES;
				ENABLE_NS_ASSERTIONS = NO;
				GCC_C_LANGUAGE_STANDARD = gnu99;
				GCC_WARN_64_TO_32_BIT_CONVERSION = YES;
				GCC_WARN_ABOUT_RETURN_TYPE = YES_ERROR;
				GCC_WARN_UNDECLARED_SELECTOR = YES;
				GCC_WARN_UNINITIALIZED_AUTOS = YES_AGGRESSIVE;
				GCC_WARN_UNUSED_FUNCTION = YES;
				GCC_WARN_UNUSED_VARIABLE = YES;
				IPHONEOS_DEPLOYMENT_TARGET = 7.1;
				SDKROOT = iphoneos;
				VALIDATE_PRODUCT = YES;
			};
			name = Release;
		};
		B592A9051AFA1C290014FC4C /* Debug */ = {
			isa = XCBuildConfiguration;
			buildSettings = {
				ASSETCATALOG_COMPILER_APPICON_NAME = AppIcon;
				ASSETCATALOG_COMPILER_LAUNCHIMAGE_NAME = LaunchImage;
				DEVELOPMENT_TEAM = FMZXNUXTR6;
				GCC_PRECOMPILE_PREFIX_HEADER = YES;
				GCC_PREFIX_HEADER = "Try_HitBrick/Try_HitBrick-Prefix.pch";
				INFOPLIST_FILE = "Try_HitBrick/Try_HitBrick-Info.plist";
				PRODUCT_NAME = "$(TARGET_NAME)";
				SPRITEKIT_TEXTURE_ATLAS_OUTPUT = YES;
				WRAPPER_EXTENSION = app;
			};
			name = Debug;
		};
		B592A9061AFA1C290014FC4C /* Release */ = {
			isa = XCBuildConfiguration;
			buildSettings = {
				ASSETCATALOG_COMPILER_APPICON_NAME = AppIcon;
				ASSETCATALOG_COMPILER_LAUNCHIMAGE_NAME = LaunchImage;
				DEVELOPMENT_TEAM = FMZXNUXTR6;
				GCC_PRECOMPILE_PREFIX_HEADER = YES;
				GCC_PREFIX_HEADER = "Try_HitBrick/Try_HitBrick-Prefix.pch";
				INFOPLIST_FILE = "Try_HitBrick/Try_HitBrick-Info.plist";
				PRODUCT_NAME = "$(TARGET_NAME)";
				SPRITEKIT_TEXTURE_ATLAS_OUTPUT = YES;
				WRAPPER_EXTENSION = app;
			};
			name = Release;
		};
		B592A9081AFA1C290014FC4C /* Debug */ = {
			isa = XCBuildConfiguration;
			buildSettings = {
				BUNDLE_LOADER = "$(BUILT_PRODUCTS_DIR)/Try_HitBrick.app/Try_HitBrick";
				FRAMEWORK_SEARCH_PATHS = (
					"$(SDKROOT)/Developer/Library/Frameworks",
					"$(inherited)",
					"$(DEVELOPER_FRAMEWORKS_DIR)",
				);
				GCC_PRECOMPILE_PREFIX_HEADER = YES;
				GCC_PREFIX_HEADER = "Try_HitBrick/Try_HitBrick-Prefix.pch";
				GCC_PREPROCESSOR_DEFINITIONS = (
					"DEBUG=1",
					"$(inherited)",
				);
				INFOPLIST_FILE = "Try_HitBrickTests/Try_HitBrickTests-Info.plist";
				PRODUCT_NAME = "$(TARGET_NAME)";
				TEST_HOST = "$(BUNDLE_LOADER)";
				WRAPPER_EXTENSION = xctest;
			};
			name = Debug;
		};
		B592A9091AFA1C290014FC4C /* Release */ = {
			isa = XCBuildConfiguration;
			buildSettings = {
				BUNDLE_LOADER = "$(BUILT_PRODUCTS_DIR)/Try_HitBrick.app/Try_HitBrick";
				FRAMEWORK_SEARCH_PATHS = (
					"$(SDKROOT)/Developer/Library/Frameworks",
					"$(inherited)",
					"$(DEVELOPER_FRAMEWORKS_DIR)",
				);
				GCC_PRECOMPILE_PREFIX_HEADER = YES;
				GCC_PREFIX_HEADER = "Try_HitBrick/Try_HitBrick-Prefix.pch";
				INFOPLIST_FILE = "Try_HitBrickTests/Try_HitBrickTests-Info.plist";
				PRODUCT_NAME = "$(TARGET_NAME)";
				TEST_HOST = "$(BUNDLE_LOADER)";
				WRAPPER_EXTENSION = xctest;
			};
			name = Release;
		};
/* End XCBuildConfiguration section */

/* Begin XCConfigurationList section */
		B592A8C61AFA1C290014FC4C /* Build configuration list for PBXProject "Try_HitBrick" */ = {
			isa = XCConfigurationList;
			buildConfigurations = (
				B592A9021AFA1C290014FC4C /* Debug */,
				B592A9031AFA1C290014FC4C /* Release */,
			);
			defaultConfigurationIsVisible = 0;
			defaultConfigurationName = Release;
		};
		B592A9041AFA1C290014FC4C /* Build configuration list for PBXNativeTarget "Try_HitBrick" */ = {
			isa = XCConfigurationList;
			buildConfigurations = (
				B592A9051AFA1C290014FC4C /* Debug */,
				B592A9061AFA1C290014FC4C /* Release */,
			);
			defaultConfigurationIsVisible = 0;
			defaultConfigurationName = Release;
		};
		B592A9071AFA1C290014FC4C /* Build configuration list for PBXNativeTarget "Try_HitBrickTests" */ = {
			isa = XCConfigurationList;
			buildConfigurations = (
				B592A9081AFA1C290014FC4C /* Debug */,
				B592A9091AFA1C290014FC4C /* Release */,
			);
			defaultConfigurationIsVisible = 0;
			defaultConfigurationName = Release;
		};
/* End XCConfigurationList section */

/* Begin XCVersionGroup section */
		B515B1981C0ACB4C000D1BED /* Rank.xcdatamodeld */ = {
			isa = XCVersionGroup;
			children = (
				B515B1991C0ACB4C000D1BED /* Rank.xcdatamodel */,
			);
			currentVersion = B515B1991C0ACB4C000D1BED /* Rank.xcdatamodel */;
			path = Rank.xcdatamodeld;
			sourceTree = "<group>";
			versionGroupType = wrapper.xcdatamodel;
		};
/* End XCVersionGroup section */
	};
	rootObject = B592A8C31AFA1C290014FC4C /* Project object */;
}
